// !$*UTF8*$!
{
	archiveVersion = 1;
	classes = {
	};
	objectVersion = 50;
	objects = {

/* Begin PBXBuildFile section */
		565DD94C219C8BBC0024B7A4 /* RandomUser.framework in Frameworks */ = {isa = PBXBuildFile; fileRef = 565DD94A219C8BB10024B7A4 /* RandomUser.framework */; };
		565DD94D219C8BBC0024B7A4 /* RandomUser.framework in Embed Frameworks */ = {isa = PBXBuildFile; fileRef = 565DD94A219C8BB10024B7A4 /* RandomUser.framework */; settings = {ATTRIBUTES = (CodeSignOnCopy, RemoveHeadersOnCopy, ); }; };
		56976470219DC9360053C0C8 /* LeftViewController.m in Sources */ = {isa = PBXBuildFile; fileRef = 5697646F219DC9360053C0C8 /* LeftViewController.m */; };
		56976473219DD38E0053C0C8 /* MainViewController.m in Sources */ = {isa = PBXBuildFile; fileRef = 56976472219DD38E0053C0C8 /* MainViewController.m */; };
		8C9B2831DB611F47F3163E6A /* libPods-RandomUserApp.a in Frameworks */ = {isa = PBXBuildFile; fileRef = 52D94EC53B74D72134B0E039 /* libPods-RandomUserApp.a */; };
		EB05188E219BE4F300F6B398 /* AppDelegate.m in Sources */ = {isa = PBXBuildFile; fileRef = EB05188D219BE4F300F6B398 /* AppDelegate.m */; };
		EB051891219BE4F300F6B398 /* ViewController.m in Sources */ = {isa = PBXBuildFile; fileRef = EB051890219BE4F300F6B398 /* ViewController.m */; };
		EB051894219BE4F300F6B398 /* Main.storyboard in Resources */ = {isa = PBXBuildFile; fileRef = EB051892219BE4F300F6B398 /* Main.storyboard */; };
		EB051896219BE4F300F6B398 /* Assets.xcassets in Resources */ = {isa = PBXBuildFile; fileRef = EB051895219BE4F300F6B398 /* Assets.xcassets */; };
		EB051899219BE4F300F6B398 /* LaunchScreen.storyboard in Resources */ = {isa = PBXBuildFile; fileRef = EB051897219BE4F300F6B398 /* LaunchScreen.storyboard */; };
		EB05189C219BE4F300F6B398 /* main.m in Sources */ = {isa = PBXBuildFile; fileRef = EB05189B219BE4F300F6B398 /* main.m */; };
		EBAAF282219D3101002EFF7B /* UserDetailViewController.m in Sources */ = {isa = PBXBuildFile; fileRef = EBAAF281219D3101002EFF7B /* UserDetailViewController.m */; };
		EBAAF2A1219E7198002EFF7B /* LocalAuthentication.framework in Frameworks */ = {isa = PBXBuildFile; fileRef = EBAAF2A0219E7198002EFF7B /* LocalAuthentication.framework */; };
		EBF9E704219D21B700F8B78F /* UserTableViewCell.m in Sources */ = {isa = PBXBuildFile; fileRef = EBF9E703219D21B700F8B78F /* UserTableViewCell.m */; };
/* End PBXBuildFile section */

/* Begin PBXCopyFilesBuildPhase section */
		565DD94E219C8BBC0024B7A4 /* Embed Frameworks */ = {
			isa = PBXCopyFilesBuildPhase;
			buildActionMask = 2147483647;
			dstPath = "";
			dstSubfolderSpec = 10;
			files = (
				565DD94D219C8BBC0024B7A4 /* RandomUser.framework in Embed Frameworks */,
			);
			name = "Embed Frameworks";
			runOnlyForDeploymentPostprocessing = 0;
		};
/* End PBXCopyFilesBuildPhase section */

/* Begin PBXFileReference section */
		48F78586A66EEC4EED2C5BF4 /* Pods-RandomUserApp.debug.xcconfig */ = {isa = PBXFileReference; includeInIndex = 1; lastKnownFileType = text.xcconfig; name = "Pods-RandomUserApp.debug.xcconfig"; path = "Pods/Target Support Files/Pods-RandomUserApp/Pods-RandomUserApp.debug.xcconfig"; sourceTree = "<group>"; };
		52D94EC53B74D72134B0E039 /* libPods-RandomUserApp.a */ = {isa = PBXFileReference; explicitFileType = archive.ar; includeInIndex = 0; path = "libPods-RandomUserApp.a"; sourceTree = BUILT_PRODUCTS_DIR; };
		565DD94A219C8BB10024B7A4 /* RandomUser.framework */ = {isa = PBXFileReference; lastKnownFileType = wrapper.framework; name = RandomUser.framework; path = RandomUserApp/RandomUser.framework; sourceTree = "<group>"; };
		5697646E219DC9360053C0C8 /* LeftViewController.h */ = {isa = PBXFileReference; lastKnownFileType = sourcecode.c.h; path = LeftViewController.h; sourceTree = "<group>"; };
		5697646F219DC9360053C0C8 /* LeftViewController.m */ = {isa = PBXFileReference; lastKnownFileType = sourcecode.c.objc; path = LeftViewController.m; sourceTree = "<group>"; };
		56976471219DD38E0053C0C8 /* MainViewController.h */ = {isa = PBXFileReference; lastKnownFileType = sourcecode.c.h; path = MainViewController.h; sourceTree = "<group>"; };
		56976472219DD38E0053C0C8 /* MainViewController.m */ = {isa = PBXFileReference; lastKnownFileType = sourcecode.c.objc; path = MainViewController.m; sourceTree = "<group>"; };
		DD790F3F0C48D737F1A938D5 /* Pods-RandomUserApp.release.xcconfig */ = {isa = PBXFileReference; includeInIndex = 1; lastKnownFileType = text.xcconfig; name = "Pods-RandomUserApp.release.xcconfig"; path = "Pods/Target Support Files/Pods-RandomUserApp/Pods-RandomUserApp.release.xcconfig"; sourceTree = "<group>"; };
		EB051889219BE4F300F6B398 /* RandomUserApp.app */ = {isa = PBXFileReference; explicitFileType = wrapper.application; includeInIndex = 0; path = RandomUserApp.app; sourceTree = BUILT_PRODUCTS_DIR; };
		EB05188C219BE4F300F6B398 /* AppDelegate.h */ = {isa = PBXFileReference; lastKnownFileType = sourcecode.c.h; path = AppDelegate.h; sourceTree = "<group>"; };
		EB05188D219BE4F300F6B398 /* AppDelegate.m */ = {isa = PBXFileReference; lastKnownFileType = sourcecode.c.objc; path = AppDelegate.m; sourceTree = "<group>"; };
		EB05188F219BE4F300F6B398 /* ViewController.h */ = {isa = PBXFileReference; lastKnownFileType = sourcecode.c.h; path = ViewController.h; sourceTree = "<group>"; };
		EB051890219BE4F300F6B398 /* ViewController.m */ = {isa = PBXFileReference; lastKnownFileType = sourcecode.c.objc; path = ViewController.m; sourceTree = "<group>"; };
		EB051893219BE4F300F6B398 /* Base */ = {isa = PBXFileReference; lastKnownFileType = file.storyboard; name = Base; path = Base.lproj/Main.storyboard; sourceTree = "<group>"; };
		EB051895219BE4F300F6B398 /* Assets.xcassets */ = {isa = PBXFileReference; lastKnownFileType = folder.assetcatalog; path = Assets.xcassets; sourceTree = "<group>"; };
		EB051898219BE4F300F6B398 /* Base */ = {isa = PBXFileReference; lastKnownFileType = file.storyboard; name = Base; path = Base.lproj/LaunchScreen.storyboard; sourceTree = "<group>"; };
		EB05189A219BE4F300F6B398 /* Info.plist */ = {isa = PBXFileReference; lastKnownFileType = text.plist.xml; path = Info.plist; sourceTree = "<group>"; };
		EB05189B219BE4F300F6B398 /* main.m */ = {isa = PBXFileReference; lastKnownFileType = sourcecode.c.objc; path = main.m; sourceTree = "<group>"; };
		EBAAF280219D3101002EFF7B /* UserDetailViewController.h */ = {isa = PBXFileReference; lastKnownFileType = sourcecode.c.h; path = UserDetailViewController.h; sourceTree = "<group>"; };
		EBAAF281219D3101002EFF7B /* UserDetailViewController.m */ = {isa = PBXFileReference; lastKnownFileType = sourcecode.c.objc; path = UserDetailViewController.m; sourceTree = "<group>"; };
		EBAAF2A0219E7198002EFF7B /* LocalAuthentication.framework */ = {isa = PBXFileReference; lastKnownFileType = wrapper.framework; name = LocalAuthentication.framework; path = System/Library/Frameworks/LocalAuthentication.framework; sourceTree = SDKROOT; };
		EBF9E702219D21B700F8B78F /* UserTableViewCell.h */ = {isa = PBXFileReference; lastKnownFileType = sourcecode.c.h; path = UserTableViewCell.h; sourceTree = "<group>"; };
		EBF9E703219D21B700F8B78F /* UserTableViewCell.m */ = {isa = PBXFileReference; lastKnownFileType = sourcecode.c.objc; path = UserTableViewCell.m; sourceTree = "<group>"; };
/* End PBXFileReference section */

/* Begin PBXFrameworksBuildPhase section */
		EB051886219BE4F300F6B398 /* Frameworks */ = {
			isa = PBXFrameworksBuildPhase;
			buildActionMask = 2147483647;
			files = (
				EBAAF2A1219E7198002EFF7B /* LocalAuthentication.framework in Frameworks */,
				565DD94C219C8BBC0024B7A4 /* RandomUser.framework in Frameworks */,
				8C9B2831DB611F47F3163E6A /* libPods-RandomUserApp.a in Frameworks */,
			);
			runOnlyForDeploymentPostprocessing = 0;
		};
/* End PBXFrameworksBuildPhase section */

/* Begin PBXGroup section */
		565DD949219C8BB00024B7A4 /* Frameworks */ = {
			isa = PBXGroup;
			children = (
				EBAAF2A0219E7198002EFF7B /* LocalAuthentication.framework */,
				565DD94A219C8BB10024B7A4 /* RandomUser.framework */,
				52D94EC53B74D72134B0E039 /* libPods-RandomUserApp.a */,
			);
			name = Frameworks;
			sourceTree = "<group>";
		};
		5697646A219DBB9A0053C0C8 /* ViewController */ = {
			isa = PBXGroup;
			children = (
				EB05188F219BE4F300F6B398 /* ViewController.h */,
				EB051890219BE4F300F6B398 /* ViewController.m */,
				EBAAF280219D3101002EFF7B /* UserDetailViewController.h */,
				EBAAF281219D3101002EFF7B /* UserDetailViewController.m */,
				5697646E219DC9360053C0C8 /* LeftViewController.h */,
				5697646F219DC9360053C0C8 /* LeftViewController.m */,
				56976471219DD38E0053C0C8 /* MainViewController.h */,
				56976472219DD38E0053C0C8 /* MainViewController.m */,
			);
			path = ViewController;
			sourceTree = "<group>";
		};
		E9E11271CEC93B31CB90E9C7 /* Pods */ = {
			isa = PBXGroup;
			children = (
				48F78586A66EEC4EED2C5BF4 /* Pods-RandomUserApp.debug.xcconfig */,
				DD790F3F0C48D737F1A938D5 /* Pods-RandomUserApp.release.xcconfig */,
			);
			name = Pods;
			sourceTree = "<group>";
		};
		EB051880219BE4F200F6B398 = {
			isa = PBXGroup;
			children = (
				EB05188B219BE4F300F6B398 /* RandomUserApp */,
				EB05188A219BE4F300F6B398 /* Products */,
				565DD949219C8BB00024B7A4 /* Frameworks */,
				E9E11271CEC93B31CB90E9C7 /* Pods */,
			);
			sourceTree = "<group>";
		};
		EB05188A219BE4F300F6B398 /* Products */ = {
			isa = PBXGroup;
			children = (
				EB051889219BE4F300F6B398 /* RandomUserApp.app */,
			);
			name = Products;
			sourceTree = "<group>";
		};
		EB05188B219BE4F300F6B398 /* RandomUserApp */ = {
			isa = PBXGroup;
			children = (
				5697646A219DBB9A0053C0C8 /* ViewController */,
				EBF9E701219D217900F8B78F /* CustomeViews */,
				EB05188C219BE4F300F6B398 /* AppDelegate.h */,
				EB05188D219BE4F300F6B398 /* AppDelegate.m */,
				EB051892219BE4F300F6B398 /* Main.storyboard */,
				EB051895219BE4F300F6B398 /* Assets.xcassets */,
				EB051897219BE4F300F6B398 /* LaunchScreen.storyboard */,
				EB05189A219BE4F300F6B398 /* Info.plist */,
				EB05189B219BE4F300F6B398 /* main.m */,
			);
			path = RandomUserApp;
			sourceTree = "<group>";
		};
		EBF9E701219D217900F8B78F /* CustomeViews */ = {
			isa = PBXGroup;
			children = (
				EBF9E702219D21B700F8B78F /* UserTableViewCell.h */,
				EBF9E703219D21B700F8B78F /* UserTableViewCell.m */,
			);
			path = CustomeViews;
			sourceTree = "<group>";
		};
/* End PBXGroup section */

/* Begin PBXNativeTarget section */
		EB051888219BE4F300F6B398 /* RandomUserApp */ = {
			isa = PBXNativeTarget;
			buildConfigurationList = EB05189F219BE4F300F6B398 /* Build configuration list for PBXNativeTarget "RandomUserApp" */;
			buildPhases = (
				0A87ABA123603A8620CC9588 /* [CP] Check Pods Manifest.lock */,
				EB051885219BE4F300F6B398 /* Sources */,
				EB051886219BE4F300F6B398 /* Frameworks */,
				EB051887219BE4F300F6B398 /* Resources */,
				565DD94E219C8BBC0024B7A4 /* Embed Frameworks */,
			);
			buildRules = (
			);
			dependencies = (
			);
			name = RandomUserApp;
			productName = RandomUserApp;
			productReference = EB051889219BE4F300F6B398 /* RandomUserApp.app */;
			productType = "com.apple.product-type.application";
		};
/* End PBXNativeTarget section */

/* Begin PBXProject section */
		EB051881219BE4F200F6B398 /* Project object */ = {
			isa = PBXProject;
			attributes = {
				LastUpgradeCheck = 0940;
				ORGANIZATIONNAME = Pankaj;
				TargetAttributes = {
					EB051888219BE4F300F6B398 = {
						CreatedOnToolsVersion = 9.4.1;
					};
				};
			};
			buildConfigurationList = EB051884219BE4F200F6B398 /* Build configuration list for PBXProject "RandomUserApp" */;
			compatibilityVersion = "Xcode 9.3";
			developmentRegion = en;
			hasScannedForEncodings = 0;
			knownRegions = (
				en,
				Base,
			);
			mainGroup = EB051880219BE4F200F6B398;
			productRefGroup = EB05188A219BE4F300F6B398 /* Products */;
			projectDirPath = "";
			projectRoot = "";
			targets = (
				EB051888219BE4F300F6B398 /* RandomUserApp */,
			);
		};
/* End PBXProject section */

/* Begin PBXResourcesBuildPhase section */
		EB051887219BE4F300F6B398 /* Resources */ = {
			isa = PBXResourcesBuildPhase;
			buildActionMask = 2147483647;
			files = (
				EB051899219BE4F300F6B398 /* LaunchScreen.storyboard in Resources */,
				EB051896219BE4F300F6B398 /* Assets.xcassets in Resources */,
				EB051894219BE4F300F6B398 /* Main.storyboard in Resources */,
			);
			runOnlyForDeploymentPostprocessing = 0;
		};
/* End PBXResourcesBuildPhase section */

/* Begin PBXShellScriptBuildPhase section */
		0A87ABA123603A8620CC9588 /* [CP] Check Pods Manifest.lock */ = {
			isa = PBXShellScriptBuildPhase;
			buildActionMask = 2147483647;
			files = (
			);
			inputPaths = (
				"${PODS_PODFILE_DIR_PATH}/Podfile.lock",
				"${PODS_ROOT}/Manifest.lock",
			);
			name = "[CP] Check Pods Manifest.lock";
			outputPaths = (
				"$(DERIVED_FILE_DIR)/Pods-RandomUserApp-checkManifestLockResult.txt",
			);
			runOnlyForDeploymentPostprocessing = 0;
			shellPath = /bin/sh;
			shellScript = "diff \"${PODS_PODFILE_DIR_PATH}/Podfile.lock\" \"${PODS_ROOT}/Manifest.lock\" > /dev/null\nif [ $? != 0 ] ; then\n    # print error to STDERR\n    echo \"error: The sandbox is not in sync with the Podfile.lock. Run 'pod install' or update your CocoaPods installation.\" >&2\n    exit 1\nfi\n# This output is used by Xcode 'outputs' to avoid re-running this script phase.\necho \"SUCCESS\" > \"${SCRIPT_OUTPUT_FILE_0}\"\n";
			showEnvVarsInLog = 0;
		};
/* End PBXShellScriptBuildPhase section */

/* Begin PBXSourcesBuildPhase section */
		EB051885219BE4F300F6B398 /* Sources */ = {
			isa = PBXSourcesBuildPhase;
			buildActionMask = 2147483647;
			files = (
				EBF9E704219D21B700F8B78F /* UserTableViewCell.m in Sources */,
				EB051891219BE4F300F6B398 /* ViewController.m in Sources */,
				EB05189C219BE4F300F6B398 /* main.m in Sources */,
				56976470219DC9360053C0C8 /* LeftViewController.m in Sources */,
				56976473219DD38E0053C0C8 /* MainViewController.m in Sources */,
				EBAAF282219D3101002EFF7B /* UserDetailViewController.m in Sources */,
				EB05188E219BE4F300F6B398 /* AppDelegate.m in Sources */,
			);
			runOnlyForDeploymentPostprocessing = 0;
		};
/* End PBXSourcesBuildPhase section */

/* Begin PBXVariantGroup section */
		EB051892219BE4F300F6B398 /* Main.storyboard */ = {
			isa = PBXVariantGroup;
			children = (
				EB051893219BE4F300F6B398 /* Base */,
			);
			name = Main.storyboard;
			sourceTree = "<group>";
		};
		EB051897219BE4F300F6B398 /* LaunchScreen.storyboard */ = {
			isa = PBXVariantGroup;
			children = (
				EB051898219BE4F300F6B398 /* Base */,
			);
			name = LaunchScreen.storyboard;
			sourceTree = "<group>";
		};
/* End PBXVariantGroup section */

/* Begin XCBuildConfiguration section */
		EB05189D219BE4F300F6B398 /* Debug */ = {
			isa = XCBuildConfiguration;
			buildSettings = {
				ALWAYS_SEARCH_USER_PATHS = NO;
				CLANG_ANALYZER_NONNULL = YES;
				CLANG_ANALYZER_NUMBER_OBJECT_CONVERSION = YES_AGGRESSIVE;
				CLANG_CXX_LANGUAGE_STANDARD = "gnu++14";
				CLANG_CXX_LIBRARY = "libc++";
				CLANG_ENABLE_MODULES = YES;
				CLANG_ENABLE_OBJC_ARC = YES;
				CLANG_ENABLE_OBJC_WEAK = YES;
				CLANG_WARN_BLOCK_CAPTURE_AUTORELEASING = YES;
				CLANG_WARN_BOOL_CONVERSION = YES;
				CLANG_WARN_COMMA = YES;
				CLANG_WARN_CONSTANT_CONVERSION = YES;
				CLANG_WARN_DEPRECATED_OBJC_IMPLEMENTATIONS = YES;
				CLANG_WARN_DIRECT_OBJC_ISA_USAGE = YES_ERROR;
				CLANG_WARN_DOCUMENTATION_COMMENTS = YES;
				CLANG_WARN_EMPTY_BODY = YES;
				CLANG_WARN_ENUM_CONVERSION = YES;
				CLANG_WARN_INFINITE_RECURSION = YES;
				CLANG_WARN_INT_CONVERSION = YES;
				CLANG_WARN_NON_LITERAL_NULL_CONVERSION = YES;
				CLANG_WARN_OBJC_IMPLICIT_RETAIN_SELF = YES;
				CLANG_WARN_OBJC_LITERAL_CONVERSION = YES;
				CLANG_WARN_OBJC_ROOT_CLASS = YES_ERROR;
				CLANG_WARN_RANGE_LOOP_ANALYSIS = YES;
				CLANG_WARN_STRICT_PROTOTYPES = YES;
				CLANG_WARN_SUSPICIOUS_MOVE = YES;
				CLANG_WARN_UNGUARDED_AVAILABILITY = YES_AGGRESSIVE;
				CLANG_WARN_UNREACHABLE_CODE = YES;
				CLANG_WARN__DUPLICATE_METHOD_MATCH = YES;
				CODE_SIGN_IDENTITY = "iPhone Developer";
				COPY_PHASE_STRIP = NO;
				DEBUG_INFORMATION_FORMAT = dwarf;
				ENABLE_STRICT_OBJC_MSGSEND = YES;
				ENABLE_TESTABILITY = YES;
				GCC_C_LANGUAGE_STANDARD = gnu11;
				GCC_DYNAMIC_NO_PIC = NO;
				GCC_NO_COMMON_BLOCKS = YES;
				GCC_OPTIMIZATION_LEVEL = 0;
				GCC_PREPROCESSOR_DEFINITIONS = (
					"DEBUG=1",
					"$(inherited)",
				);
				GCC_WARN_64_TO_32_BIT_CONVERSION = YES;
				GCC_WARN_ABOUT_RETURN_TYPE = YES_ERROR;
				GCC_WARN_UNDECLARED_SELECTOR = YES;
				GCC_WARN_UNINITIALIZED_AUTOS = YES_AGGRESSIVE;
				GCC_WARN_UNUSED_FUNCTION = YES;
				GCC_WARN_UNUSED_VARIABLE = YES;
				IPHONEOS_DEPLOYMENT_TARGET = 11.4;
				MTL_ENABLE_DEBUG_INFO = YES;
				ONLY_ACTIVE_ARCH = YES;
				SDKROOT = iphoneos;
			};
			name = Debug;
		};
		EB05189E219BE4F300F6B398 /* Release */ = {
			isa = XCBuildConfiguration;
			buildSettings = {
				ALWAYS_SEARCH_USER_PATHS = NO;
				CLANG_ANALYZER_NONNULL = YES;
				CLANG_ANALYZER_NUMBER_OBJECT_CONVERSION = YES_AGGRESSIVE;
				CLANG_CXX_LANGUAGE_STANDARD = "gnu++14";
				CLANG_CXX_LIBRARY = "libc++";
				CLANG_ENABLE_MODULES = YES;
				CLANG_ENABLE_OBJC_ARC = YES;
				CLANG_ENABLE_OBJC_WEAK = YES;
				CLANG_WARN_BLOCK_CAPTURE_AUTORELEASING = YES;
				CLANG_WARN_BOOL_CONVERSION = YES;
				CLANG_WARN_COMMA = YES;
				CLANG_WARN_CONSTANT_CONVERSION = YES;
				CLANG_WARN_DEPRECATED_OBJC_IMPLEMENTATIONS = YES;
				CLANG_WARN_DIRECT_OBJC_ISA_USAGE = YES_ERROR;
				CLANG_WARN_DOCUMENTATION_COMMENTS = YES;
				CLANG_WARN_EMPTY_BODY = YES;
				CLANG_WARN_ENUM_CONVERSION = YES;
				CLANG_WARN_INFINITE_RECURSION = YES;
				CLANG_WARN_INT_CONVERSION = YES;
				CLANG_WARN_NON_LITERAL_NULL_CONVERSION = YES;
				CLANG_WARN_OBJC_IMPLICIT_RETAIN_SELF = YES;
				CLANG_WARN_OBJC_LITERAL_CONVERSION = YES;
				CLANG_WARN_OBJC_ROOT_CLASS = YES_ERROR;
				CLANG_WARN_RANGE_LOOP_ANALYSIS = YES;
				CLANG_WARN_STRICT_PROTOTYPES = YES;
				CLANG_WARN_SUSPICIOUS_MOVE = YES;
				CLANG_WARN_UNGUARDED_AVAILABILITY = YES_AGGRESSIVE;
				CLANG_WARN_UNREACHABLE_CODE = YES;
				CLANG_WARN__DUPLICATE_METHOD_MATCH = YES;
				CODE_SIGN_IDENTITY = "iPhone Developer";
				COPY_PHASE_STRIP = NO;
				DEBUG_INFORMATION_FORMAT = "dwarf-with-dsym";
				ENABLE_NS_ASSERTIONS = NO;
				ENABLE_STRICT_OBJC_MSGSEND = YES;
				GCC_C_LANGUAGE_STANDARD = gnu11;
				GCC_NO_COMMON_BLOCKS = YES;
				GCC_WARN_64_TO_32_BIT_CONVERSION = YES;
				GCC_WARN_ABOUT_RETURN_TYPE = YES_ERROR;
				GCC_WARN_UNDECLARED_SELECTOR = YES;
				GCC_WARN_UNINITIALIZED_AUTOS = YES_AGGRESSIVE;
				GCC_WARN_UNUSED_FUNCTION = YES;
				GCC_WARN_UNUSED_VARIABLE = YES;
				IPHONEOS_DEPLOYMENT_TARGET = 11.4;
				MTL_ENABLE_DEBUG_INFO = NO;
				SDKROOT = iphoneos;
				VALIDATE_PRODUCT = YES;
			};
			name = Release;
		};
		EB0518A0219BE4F300F6B398 /* Debug */ = {
			isa = XCBuildConfiguration;
			baseConfigurationReference = 48F78586A66EEC4EED2C5BF4 /* Pods-RandomUserApp.debug.xcconfig */;
			buildSettings = {
				ASSETCATALOG_COMPILER_APPICON_NAME = AppIcon;
				CODE_SIGN_STYLE = Automatic;
				DEVELOPMENT_TEAM = NUNG7PPNWH;
				FRAMEWORK_SEARCH_PATHS = (
					"$(inherited)",
					"$(PROJECT_DIR)/RandomUserApp",
				);
				INFOPLIST_FILE = RandomUserApp/Info.plist;
				IPHONEOS_DEPLOYMENT_TARGET = 10.0;
				LD_RUNPATH_SEARCH_PATHS = (
					"$(inherited)",
					"@executable_path/Frameworks",
				);
				PRODUCT_BUNDLE_IDENTIFIER = com.hcesdk.wallet.demo;
				PRODUCT_NAME = "$(TARGET_NAME)";
				TARGETED_DEVICE_FAMILY = 1;
			};
			name = Debug;
		};
		EB0518A1219BE4F300F6B398 /* Release */ = {
			isa = XCBuildConfiguration;
			baseConfigurationReference = DD790F3F0C48D737F1A938D5 /* Pods-RandomUserApp.release.xcconfig */;
			buildSettings = {
				ASSETCATALOG_COMPILER_APPICON_NAME = AppIcon;
				CODE_SIGN_STYLE = Automatic;
				DEVELOPMENT_TEAM = NUNG7PPNWH;
				FRAMEWORK_SEARCH_PATHS = (
					"$(inherited)",
					"$(PROJECT_DIR)/RandomUserApp",
				);
				INFOPLIST_FILE = RandomUserApp/Info.plist;
				IPHONEOS_DEPLOYMENT_TARGET = 10.0;
				LD_RUNPATH_SEARCH_PATHS = (
					"$(inherited)",
					"@executable_path/Frameworks",
				);
				PRODUCT_BUNDLE_IDENTIFIER = com.hcesdk.wallet.demo;
				PRODUCT_NAME = "$(TARGET_NAME)";
				TARGETED_DEVICE_FAMILY = 1;
			};
			name = Release;
		};
/* End XCBuildConfiguration section */

/* Begin XCConfigurationList section */
		EB051884219BE4F200F6B398 /* Build configuration list for PBXProject "RandomUserApp" */ = {
			isa = XCConfigurationList;
			buildConfigurations = (
				EB05189D219BE4F300F6B398 /* Debug */,
				EB05189E219BE4F300F6B398 /* Release */,
			);
			defaultConfigurationIsVisible = 0;
			defaultConfigurationName = Release;
		};
		EB05189F219BE4F300F6B398 /* Build configuration list for PBXNativeTarget "RandomUserApp" */ = {
			isa = XCConfigurationList;
			buildConfigurations = (
				EB0518A0219BE4F300F6B398 /* Debug */,
				EB0518A1219BE4F300F6B398 /* Release */,
			);
			defaultConfigurationIsVisible = 0;
			defaultConfigurationName = Release;
		};
/* End XCConfigurationList section */
	};
	rootObject = EB051881219BE4F200F6B398 /* Project object */;
}
